
Microsoft Visual Studio Solution File, Format Version 12.00
# Visual Studio Version 16
VisualStudioVersion = 16.0.29709.97
MinimumVisualStudioVersion = 10.0.40219.1
Project("{FAE04EC0-301F-11D3-BF4B-00C04F79EFBC}") = "KursachTest", "KursachTest\KursachTest.csproj", "{50EDFC1E-B708-451E-9162-B477619EE6AD}"
EndProject
Global
	GlobalSection(SolutionConfigurationPlatforms) = preSolution
		Debug|Any CPU = Debug|Any CPU
		Release|Any CPU = Release|Any CPU
	EndGlobalSection
	GlobalSection(ProjectConfigurationPlatforms) = postSolution
		{50EDFC1E-B708-451E-9162-B477619EE6AD}.Debug|Any CPU.ActiveCfg = Debug|Any CPU
		{50EDFC1E-B708-451E-9162-B477619EE6AD}.Debug|Any CPU.Build.0 = Debug|Any CPU
		{50EDFC1E-B708-451E-9162-B477619EE6AD}.Release|Any CPU.ActiveCfg = Release|Any CPU
		{50EDFC1E-B708-451E-9162-B477619EE6AD}.Release|Any CPU.Build.0 = Release|Any CPU
	EndGlobalSection
	GlobalSection(SolutionProperties) = preSolution
		HideSolutionNode = FALSE
	EndGlobalSection
	GlobalSection(ExtensibilityGlobals) = postSolution
		SolutionGuid = {514A6B4D-4E73-4C8C-A45F-24C6AC6154B8}
	EndGlobalSection
EndGlobal
